
Microsoft Visual Studio Solution File, Format Version 12.00
# Visual Studio Version 16
VisualStudioVersion = 16.0.30709.132
MinimumVisualStudioVersion = 10.0.40219.1
Project("{9A19103F-16F7-4668-BE54-9A1E7A4F7556}") = "Sinerklaas2020", "Sinerklaas2020\Sinerklaas2020.csproj", "{7E849237-1907-4359-9694-C8F1CB4237B3}"
EndProject
Project("{FAE04EC0-301F-11D3-BF4B-00C04F79EFBC}") = "Sinterklaas2020.Tests", "Sinterklaas2020.Tests\Sinterklaas2020.Tests.csproj", "{A82DAC26-0FB8-4D7F-9E14-69C5E5FEAD27}"
EndProject
Global
	GlobalSection(SolutionConfigurationPlatforms) = preSolution
		Debug|Any CPU = Debug|Any CPU
		Release|Any CPU = Release|Any CPU
	EndGlobalSection
	GlobalSection(ProjectConfigurationPlatforms) = postSolution
		{7E849237-1907-4359-9694-C8F1CB4237B3}.Debug|Any CPU.ActiveCfg = Debug|Any CPU
		{7E849237-1907-4359-9694-C8F1CB4237B3}.Debug|Any CPU.Build.0 = Debug|Any CPU
		{7E849237-1907-4359-9694-C8F1CB4237B3}.Release|Any CPU.ActiveCfg = Release|Any CPU
		{7E849237-1907-4359-9694-C8F1CB4237B3}.Release|Any CPU.Build.0 = Release|Any CPU
		{A82DAC26-0FB8-4D7F-9E14-69C5E5FEAD27}.Debug|Any CPU.ActiveCfg = Debug|Any CPU
		{A82DAC26-0FB8-4D7F-9E14-69C5E5FEAD27}.Debug|Any CPU.Build.0 = Debug|Any CPU
		{A82DAC26-0FB8-4D7F-9E14-69C5E5FEAD27}.Release|Any CPU.ActiveCfg = Release|Any CPU
		{A82DAC26-0FB8-4D7F-9E14-69C5E5FEAD27}.Release|Any CPU.Build.0 = Release|Any CPU
	EndGlobalSection
	GlobalSection(SolutionProperties) = preSolution
		HideSolutionNode = FALSE
	EndGlobalSection
	GlobalSection(ExtensibilityGlobals) = postSolution
		SolutionGuid = {B5CB0176-CCAF-4E8B-A776-9AE2C1B17BB9}
	EndGlobalSection
EndGlobal
